// !$*UTF8*$!
{
	archiveVersion = 1;
	classes = {
	};
	objectVersion = 46;
	objects = {

/* Begin PBXBuildFile section */
		086DDC2D1EB6C9F90091A199 /* AppDelegate.swift in Sources */ = {isa = PBXBuildFile; fileRef = 086DDC2C1EB6C9F90091A199 /* AppDelegate.swift */; };
		086DDC2F1EB6C9F90091A199 /* RolloverViewController.swift in Sources */ = {isa = PBXBuildFile; fileRef = 086DDC2E1EB6C9F90091A199 /* RolloverViewController.swift */; };
		086DDC321EB6C9F90091A199 /* Main.storyboard in Resources */ = {isa = PBXBuildFile; fileRef = 086DDC301EB6C9F90091A199 /* Main.storyboard */; };
		086DDC341EB6C9F90091A199 /* Assets.xcassets in Resources */ = {isa = PBXBuildFile; fileRef = 086DDC331EB6C9F90091A199 /* Assets.xcassets */; };
		086DDC371EB6C9F90091A199 /* LaunchScreen.storyboard in Resources */ = {isa = PBXBuildFile; fileRef = 086DDC351EB6C9F90091A199 /* LaunchScreen.storyboard */; };
		08B87B611EBF515E0095A736 /* CardsViewController.swift in Sources */ = {isa = PBXBuildFile; fileRef = 08B87B601EBF515E0095A736 /* CardsViewController.swift */; };
		08B87B631EBF54410095A736 /* CardCollectionViewCell.swift in Sources */ = {isa = PBXBuildFile; fileRef = 08B87B621EBF54410095A736 /* CardCollectionViewCell.swift */; };
		08B87B651EBF8F0C0095A736 /* CardStore.swift in Sources */ = {isa = PBXBuildFile; fileRef = 08B87B641EBF8F0C0095A736 /* CardStore.swift */; };
		08B87B671EBFCD160095A736 /* PositionViewController.swift in Sources */ = {isa = PBXBuildFile; fileRef = 08B87B661EBFCD160095A736 /* PositionViewController.swift */; };
/* End PBXBuildFile section */

/* Begin PBXFileReference section */
		086DDC291EB6C9F90091A199 /* Manifestation.app */ = {isa = PBXFileReference; explicitFileType = wrapper.application; includeInIndex = 0; path = Manifestation.app; sourceTree = BUILT_PRODUCTS_DIR; };
		086DDC2C1EB6C9F90091A199 /* AppDelegate.swift */ = {isa = PBXFileReference; lastKnownFileType = sourcecode.swift; path = AppDelegate.swift; sourceTree = "<group>"; };
		086DDC2E1EB6C9F90091A199 /* RolloverViewController.swift */ = {isa = PBXFileReference; lastKnownFileType = sourcecode.swift; path = RolloverViewController.swift; sourceTree = "<group>"; };
		086DDC311EB6C9F90091A199 /* Base */ = {isa = PBXFileReference; lastKnownFileType = file.storyboard; name = Base; path = Base.lproj/Main.storyboard; sourceTree = "<group>"; };
		086DDC331EB6C9F90091A199 /* Assets.xcassets */ = {isa = PBXFileReference; lastKnownFileType = folder.assetcatalog; path = Assets.xcassets; sourceTree = "<group>"; };
		086DDC361EB6C9F90091A199 /* Base */ = {isa = PBXFileReference; lastKnownFileType = file.storyboard; name = Base; path = Base.lproj/LaunchScreen.storyboard; sourceTree = "<group>"; };
		086DDC381EB6C9F90091A199 /* Info.plist */ = {isa = PBXFileReference; lastKnownFileType = text.plist.xml; path = Info.plist; sourceTree = "<group>"; };
		08B87B601EBF515E0095A736 /* CardsViewController.swift */ = {isa = PBXFileReference; fileEncoding = 4; lastKnownFileType = sourcecode.swift; path = CardsViewController.swift; sourceTree = "<group>"; };
		08B87B621EBF54410095A736 /* CardCollectionViewCell.swift */ = {isa = PBXFileReference; fileEncoding = 4; lastKnownFileType = sourcecode.swift; path = CardCollectionViewCell.swift; sourceTree = "<group>"; };
		08B87B641EBF8F0C0095A736 /* CardStore.swift */ = {isa = PBXFileReference; fileEncoding = 4; lastKnownFileType = sourcecode.swift; path = CardStore.swift; sourceTree = "<group>"; };
		08B87B661EBFCD160095A736 /* PositionViewController.swift */ = {isa = PBXFileReference; fileEncoding = 4; lastKnownFileType = sourcecode.swift; path = PositionViewController.swift; sourceTree = "<group>"; };
/* End PBXFileReference section */

/* Begin PBXFrameworksBuildPhase section */
		086DDC261EB6C9F90091A199 /* Frameworks */ = {
			isa = PBXFrameworksBuildPhase;
			buildActionMask = 2147483647;
			files = (
			);
			runOnlyForDeploymentPostprocessing = 0;
		};
/* End PBXFrameworksBuildPhase section */

/* Begin PBXGroup section */
		086DDC201EB6C9F90091A199 = {
			isa = PBXGroup;
			children = (
				086DDC2B1EB6C9F90091A199 /* Manifestation */,
				086DDC2A1EB6C9F90091A199 /* Products */,
			);
			sourceTree = "<group>";
		};
		086DDC2A1EB6C9F90091A199 /* Products */ = {
			isa = PBXGroup;
			children = (
				086DDC291EB6C9F90091A199 /* Manifestation.app */,
			);
			name = Products;
			sourceTree = "<group>";
		};
		086DDC2B1EB6C9F90091A199 /* Manifestation */ = {
			isa = PBXGroup;
			children = (
				086DDC2C1EB6C9F90091A199 /* AppDelegate.swift */,
				086DDC2E1EB6C9F90091A199 /* RolloverViewController.swift */,
				08B87B601EBF515E0095A736 /* CardsViewController.swift */,
				08B87B661EBFCD160095A736 /* PositionViewController.swift */,
				086DDC301EB6C9F90091A199 /* Main.storyboard */,
				08B87B621EBF54410095A736 /* CardCollectionViewCell.swift */,
				086DDC331EB6C9F90091A199 /* Assets.xcassets */,
				086DDC351EB6C9F90091A199 /* LaunchScreen.storyboard */,
				086DDC381EB6C9F90091A199 /* Info.plist */,
				08B87B641EBF8F0C0095A736 /* CardStore.swift */,
			);
			path = Manifestation;
			sourceTree = "<group>";
		};
/* End PBXGroup section */

/* Begin PBXNativeTarget section */
		086DDC281EB6C9F90091A199 /* Manifestation */ = {
			isa = PBXNativeTarget;
			buildConfigurationList = 086DDC3B1EB6C9F90091A199 /* Build configuration list for PBXNativeTarget "Manifestation" */;
			buildPhases = (
				086DDC251EB6C9F90091A199 /* Sources */,
				086DDC261EB6C9F90091A199 /* Frameworks */,
				086DDC271EB6C9F90091A199 /* Resources */,
			);
			buildRules = (
			);
			dependencies = (
			);
			name = Manifestation;
			productName = Manifestation;
			productReference = 086DDC291EB6C9F90091A199 /* Manifestation.app */;
			productType = "com.apple.product-type.application";
		};
/* End PBXNativeTarget section */

/* Begin PBXProject section */
		086DDC211EB6C9F90091A199 /* Project object */ = {
			isa = PBXProject;
			attributes = {
				LastSwiftUpdateCheck = 0830;
				LastUpgradeCheck = 0830;
				ORGANIZATIONNAME = "Vincent Predoehl";
				TargetAttributes = {
					086DDC281EB6C9F90091A199 = {
						CreatedOnToolsVersion = 8.3.2;
						DevelopmentTeam = 47QSNDWH88;
						ProvisioningStyle = Automatic;
					};
				};
			};
			buildConfigurationList = 086DDC241EB6C9F90091A199 /* Build configuration list for PBXProject "Manifestation" */;
			compatibilityVersion = "Xcode 3.2";
			developmentRegion = English;
			hasScannedForEncodings = 0;
			knownRegions = (
				en,
				Base,
			);
			mainGroup = 086DDC201EB6C9F90091A199;
			productRefGroup = 086DDC2A1EB6C9F90091A199 /* Products */;
			projectDirPath = "";
			projectRoot = "";
			targets = (
				086DDC281EB6C9F90091A199 /* Manifestation */,
			);
		};
/* End PBXProject section */

/* Begin PBXResourcesBuildPhase section */
		086DDC271EB6C9F90091A199 /* Resources */ = {
			isa = PBXResourcesBuildPhase;
			buildActionMask = 2147483647;
			files = (
				086DDC371EB6C9F90091A199 /* LaunchScreen.storyboard in Resources */,
				086DDC341EB6C9F90091A199 /* Assets.xcassets in Resources */,
				086DDC321EB6C9F90091A199 /* Main.storyboard in Resources */,
			);
			runOnlyForDeploymentPostprocessing = 0;
		};
/* End PBXResourcesBuildPhase section */

/* Begin PBXSourcesBuildPhase section */
		086DDC251EB6C9F90091A199 /* Sources */ = {
			isa = PBXSourcesBuildPhase;
			buildActionMask = 2147483647;
			files = (
				08B87B631EBF54410095A736 /* CardCollectionViewCell.swift in Sources */,
				08B87B651EBF8F0C0095A736 /* CardStore.swift in Sources */,
				086DDC2F1EB6C9F90091A199 /* RolloverViewController.swift in Sources */,
				08B87B671EBFCD160095A736 /* PositionViewController.swift in Sources */,
				086DDC2D1EB6C9F90091A199 /* AppDelegate.swift in Sources */,
				08B87B611EBF515E0095A736 /* CardsViewController.swift in Sources */,
			);
			runOnlyForDeploymentPostprocessing = 0;
		};
/* End PBXSourcesBuildPhase section */

/* Begin PBXVariantGroup section */
		086DDC301EB6C9F90091A199 /* Main.storyboard */ = {
			isa = PBXVariantGroup;
			children = (
				086DDC311EB6C9F90091A199 /* Base */,
			);
			name = Main.storyboard;
			sourceTree = "<group>";
		};
		086DDC351EB6C9F90091A199 /* LaunchScreen.storyboard */ = {
			isa = PBXVariantGroup;
			children = (
				086DDC361EB6C9F90091A199 /* Base */,
			);
			name = LaunchScreen.storyboard;
			sourceTree = "<group>";
		};
/* End PBXVariantGroup section */

/* Begin XCBuildConfiguration section */
		086DDC391EB6C9F90091A199 /* Debug */ = {
			isa = XCBuildConfiguration;
			buildSettings = {
				ALWAYS_SEARCH_USER_PATHS = NO;
				CLANG_ANALYZER_NONNULL = YES;
				CLANG_ANALYZER_NUMBER_OBJECT_CONVERSION = YES_AGGRESSIVE;
				CLANG_CXX_LANGUAGE_STANDARD = "gnu++0x";
				CLANG_CXX_LIBRARY = "libc++";
				CLANG_ENABLE_MODULES = YES;
				CLANG_ENABLE_OBJC_ARC = YES;
				CLANG_WARN_BOOL_CONVERSION = YES;
				CLANG_WARN_CONSTANT_CONVERSION = YES;
				CLANG_WARN_DIRECT_OBJC_ISA_USAGE = YES_ERROR;
				CLANG_WARN_DOCUMENTATION_COMMENTS = YES;
				CLANG_WARN_EMPTY_BODY = YES;
				CLANG_WARN_ENUM_CONVERSION = YES;
				CLANG_WARN_INFINITE_RECURSION = YES;
				CLANG_WARN_INT_CONVERSION = YES;
				CLANG_WARN_OBJC_ROOT_CLASS = YES_ERROR;
				CLANG_WARN_SUSPICIOUS_MOVE = YES;
				CLANG_WARN_UNREACHABLE_CODE = YES;
				CLANG_WARN__DUPLICATE_METHOD_MATCH = YES;
				"CODE_SIGN_IDENTITY[sdk=iphoneos*]" = "iPhone Developer";
				COPY_PHASE_STRIP = NO;
				DEBUG_INFORMATION_FORMAT = dwarf;
				ENABLE_STRICT_OBJC_MSGSEND = YES;
				ENABLE_TESTABILITY = YES;
				GCC_C_LANGUAGE_STANDARD = gnu99;
				GCC_DYNAMIC_NO_PIC = NO;
				GCC_NO_COMMON_BLOCKS = YES;
				GCC_OPTIMIZATION_LEVEL = 0;
				GCC_PREPROCESSOR_DEFINITIONS = (
					"DEBUG=1",
					"$(inherited)",
				);
				GCC_WARN_64_TO_32_BIT_CONVERSION = YES;
				GCC_WARN_ABOUT_RETURN_TYPE = YES_ERROR;
				GCC_WARN_UNDECLARED_SELECTOR = YES;
				GCC_WARN_UNINITIALIZED_AUTOS = YES_AGGRESSIVE;
				GCC_WARN_UNUSED_FUNCTION = YES;
				GCC_WARN_UNUSED_VARIABLE = YES;
				IPHONEOS_DEPLOYMENT_TARGET = 10.3;
				MTL_ENABLE_DEBUG_INFO = YES;
				ONLY_ACTIVE_ARCH = YES;
				SDKROOT = iphoneos;
				SWIFT_ACTIVE_COMPILATION_CONDITIONS = DEBUG;
				SWIFT_OPTIMIZATION_LEVEL = "-Onone";
				TARGETED_DEVICE_FAMILY = "1,2";
			};
			name = Debug;
		};
		086DDC3A1EB6C9F90091A199 /* Release */ = {
			isa = XCBuildConfiguration;
			buildSettings = {
				ALWAYS_SEARCH_USER_PATHS = NO;
				CLANG_ANALYZER_NONNULL = YES;
				CLANG_ANALYZER_NUMBER_OBJECT_CONVERSION = YES_AGGRESSIVE;
				CLANG_CXX_LANGUAGE_STANDARD = "gnu++0x";
				CLANG_CXX_LIBRARY = "libc++";
				CLANG_ENABLE_MODULES = YES;
				CLANG_ENABLE_OBJC_ARC = YES;
				CLANG_WARN_BOOL_CONVERSION = YES;
				CLANG_WARN_CONSTANT_CONVERSION = YES;
				CLANG_WARN_DIRECT_OBJC_ISA_USAGE = YES_ERROR;
				CLANG_WARN_DOCUMENTATION_COMMENTS = YES;
				CLANG_WARN_EMPTY_BODY = YES;
				CLANG_WARN_ENUM_CONVERSION = YES;
				CLANG_WARN_INFINITE_RECURSION = YES;
				CLANG_WARN_INT_CONVERSION = YES;
				CLANG_WARN_OBJC_ROOT_CLASS = YES_ERROR;
				CLANG_WARN_SUSPICIOUS_MOVE = YES;
				CLANG_WARN_UNREACHABLE_CODE = YES;
				CLANG_WARN__DUPLICATE_METHOD_MATCH = YES;
				"CODE_SIGN_IDENTITY[sdk=iphoneos*]" = "iPhone Developer";
				COPY_PHASE_STRIP = NO;
				DEBUG_INFORMATION_FORMAT = "dwarf-with-dsym";
				ENABLE_NS_ASSERTIONS = NO;
				ENABLE_STRICT_OBJC_MSGSEND = YES;
				GCC_C_LANGUAGE_STANDARD = gnu99;
				GCC_NO_COMMON_BLOCKS = YES;
				GCC_WARN_64_TO_32_BIT_CONVERSION = YES;
				GCC_WARN_ABOUT_RETURN_TYPE = YES_ERROR;
				GCC_WARN_UNDECLARED_SELECTOR = YES;
				GCC_WARN_UNINITIALIZED_AUTOS = YES_AGGRESSIVE;
				GCC_WARN_UNUSED_FUNCTION = YES;
				GCC_WARN_UNUSED_VARIABLE = YES;
				IPHONEOS_DEPLOYMENT_TARGET = 10.3;
				MTL_ENABLE_DEBUG_INFO = NO;
				SDKROOT = iphoneos;
				SWIFT_OPTIMIZATION_LEVEL = "-Owholemodule";
				TARGETED_DEVICE_FAMILY = "1,2";
				VALIDATE_PRODUCT = YES;
			};
			name = Release;
		};
		086DDC3C1EB6C9F90091A199 /* Debug */ = {
			isa = XCBuildConfiguration;
			buildSettings = {
				ASSETCATALOG_COMPILER_APPICON_NAME = AppIcon;
				DEVELOPMENT_TEAM = 47QSNDWH88;
				INFOPLIST_FILE = Manifestation/Info.plist;
				LD_RUNPATH_SEARCH_PATHS = "$(inherited) @executable_path/Frameworks";
				PRODUCT_BUNDLE_IDENTIFIER = com.hscti.Manifestation;
				PRODUCT_NAME = "$(TARGET_NAME)";
				SWIFT_VERSION = 3.0;
			};
			name = Debug;
		};
		086DDC3D1EB6C9F90091A199 /* Release */ = {
			isa = XCBuildConfiguration;
			buildSettings = {
				ASSETCATALOG_COMPILER_APPICON_NAME = AppIcon;
				DEVELOPMENT_TEAM = 47QSNDWH88;
				INFOPLIST_FILE = Manifestation/Info.plist;
				LD_RUNPATH_SEARCH_PATHS = "$(inherited) @executable_path/Frameworks";
				PRODUCT_BUNDLE_IDENTIFIER = com.hscti.Manifestation;
				PRODUCT_NAME = "$(TARGET_NAME)";
				SWIFT_VERSION = 3.0;
			};
			name = Release;
		};
/* End XCBuildConfiguration section */

/* Begin XCConfigurationList section */
		086DDC241EB6C9F90091A199 /* Build configuration list for PBXProject "Manifestation" */ = {
			isa = XCConfigurationList;
			buildConfigurations = (
				086DDC391EB6C9F90091A199 /* Debug */,
				086DDC3A1EB6C9F90091A199 /* Release */,
			);
			defaultConfigurationIsVisible = 0;
			defaultConfigurationName = Release;
		};
		086DDC3B1EB6C9F90091A199 /* Build configuration list for PBXNativeTarget "Manifestation" */ = {
			isa = XCConfigurationList;
			buildConfigurations = (
				086DDC3C1EB6C9F90091A199 /* Debug */,
				086DDC3D1EB6C9F90091A199 /* Release */,
			);
			defaultConfigurationIsVisible = 0;
			defaultConfigurationName = Release;
		};
/* End XCConfigurationList section */
	};
	rootObject = 086DDC211EB6C9F90091A199 /* Project object */;
}
