// !$*UTF8*$!
{
	archiveVersion = 1;
	classes = {
	};
	objectVersion = 46;
	objects = {

/* Begin PBXBuildFile section */
		0823564B1EE4ED5C00F0760E /* PositionTableViewController.swift in Sources */ = {isa = PBXBuildFile; fileRef = 0823564A1EE4ED5C00F0760E /* PositionTableViewController.swift */; };
		0823564D1EE4EFE700F0760E /* PositionTableViewCell.swift in Sources */ = {isa = PBXBuildFile; fileRef = 0823564C1EE4EFE700F0760E /* PositionTableViewCell.swift */; };
		0823564F1EE73E0700F0760E /* ChiCellTableViewCell.swift in Sources */ = {isa = PBXBuildFile; fileRef = 0823564E1EE73E0700F0760E /* ChiCellTableViewCell.swift */; };
		082356531EE7998100F0760E /* Preference.swift in Sources */ = {isa = PBXBuildFile; fileRef = 082356521EE7998100F0760E /* Preference.swift */; };
		086DDC2D1EB6C9F90091A199 /* AppDelegate.swift in Sources */ = {isa = PBXBuildFile; fileRef = 086DDC2C1EB6C9F90091A199 /* AppDelegate.swift */; };
		086DDC2F1EB6C9F90091A199 /* RolloverViewController.swift in Sources */ = {isa = PBXBuildFile; fileRef = 086DDC2E1EB6C9F90091A199 /* RolloverViewController.swift */; };
		086DDC321EB6C9F90091A199 /* Main.storyboard in Resources */ = {isa = PBXBuildFile; fileRef = 086DDC301EB6C9F90091A199 /* Main.storyboard */; };
		086DDC341EB6C9F90091A199 /* Assets.xcassets in Resources */ = {isa = PBXBuildFile; fileRef = 086DDC331EB6C9F90091A199 /* Assets.xcassets */; };
		086DDC371EB6C9F90091A199 /* LaunchScreen.storyboard in Resources */ = {isa = PBXBuildFile; fileRef = 086DDC351EB6C9F90091A199 /* LaunchScreen.storyboard */; };
		0898E2671F18859600CCBE83 /* UI_Tests.swift in Sources */ = {isa = PBXBuildFile; fileRef = 0898E2661F18859600CCBE83 /* UI_Tests.swift */; };
		0898E26F1F18860F00CCBE83 /* iPhoneUITest.swift in Sources */ = {isa = PBXBuildFile; fileRef = 0898E26E1F18860F00CCBE83 /* iPhoneUITest.swift */; };
		08ACBA681EEF80F00017BD8D /* ImageStore.swift in Sources */ = {isa = PBXBuildFile; fileRef = 08ACBA671EEF80F00017BD8D /* ImageStore.swift */; };
		08B87B611EBF515E0095A736 /* CardsViewController.swift in Sources */ = {isa = PBXBuildFile; fileRef = 08B87B601EBF515E0095A736 /* CardsViewController.swift */; };
		08B87B631EBF54410095A736 /* CardCollectionViewCell.swift in Sources */ = {isa = PBXBuildFile; fileRef = 08B87B621EBF54410095A736 /* CardCollectionViewCell.swift */; };
		08B87B651EBF8F0C0095A736 /* CardStore.swift in Sources */ = {isa = PBXBuildFile; fileRef = 08B87B641EBF8F0C0095A736 /* CardStore.swift */; };
/* End PBXBuildFile section */

/* Begin PBXContainerItemProxy section */
		0898E2691F18859600CCBE83 /* PBXContainerItemProxy */ = {
			isa = PBXContainerItemProxy;
			containerPortal = 086DDC211EB6C9F90091A199 /* Project object */;
			proxyType = 1;
			remoteGlobalIDString = 086DDC281EB6C9F90091A199;
			remoteInfo = Manifestation;
		};
/* End PBXContainerItemProxy section */

/* Begin PBXFileReference section */
		0823564A1EE4ED5C00F0760E /* PositionTableViewController.swift */ = {isa = PBXFileReference; fileEncoding = 4; lastKnownFileType = sourcecode.swift; path = PositionTableViewController.swift; sourceTree = "<group>"; };
		0823564C1EE4EFE700F0760E /* PositionTableViewCell.swift */ = {isa = PBXFileReference; fileEncoding = 4; lastKnownFileType = sourcecode.swift; path = PositionTableViewCell.swift; sourceTree = "<group>"; };
		0823564E1EE73E0700F0760E /* ChiCellTableViewCell.swift */ = {isa = PBXFileReference; fileEncoding = 4; lastKnownFileType = sourcecode.swift; path = ChiCellTableViewCell.swift; sourceTree = "<group>"; };
		082356521EE7998100F0760E /* Preference.swift */ = {isa = PBXFileReference; fileEncoding = 4; lastKnownFileType = sourcecode.swift; path = Preference.swift; sourceTree = "<group>"; };
		086DDC291EB6C9F90091A199 /* Manifestation.app */ = {isa = PBXFileReference; explicitFileType = wrapper.application; includeInIndex = 0; path = Manifestation.app; sourceTree = BUILT_PRODUCTS_DIR; };
		086DDC2C1EB6C9F90091A199 /* AppDelegate.swift */ = {isa = PBXFileReference; lastKnownFileType = sourcecode.swift; path = AppDelegate.swift; sourceTree = "<group>"; };
		086DDC2E1EB6C9F90091A199 /* RolloverViewController.swift */ = {isa = PBXFileReference; lastKnownFileType = sourcecode.swift; path = RolloverViewController.swift; sourceTree = "<group>"; };
		086DDC311EB6C9F90091A199 /* Base */ = {isa = PBXFileReference; lastKnownFileType = file.storyboard; name = Base; path = Base.lproj/Main.storyboard; sourceTree = "<group>"; };
		086DDC331EB6C9F90091A199 /* Assets.xcassets */ = {isa = PBXFileReference; lastKnownFileType = folder.assetcatalog; path = Assets.xcassets; sourceTree = "<group>"; };
		086DDC361EB6C9F90091A199 /* Base */ = {isa = PBXFileReference; lastKnownFileType = file.storyboard; name = Base; path = Base.lproj/LaunchScreen.storyboard; sourceTree = "<group>"; };
		086DDC381EB6C9F90091A199 /* Info.plist */ = {isa = PBXFileReference; lastKnownFileType = text.plist.xml; path = Info.plist; sourceTree = "<group>"; };
		0898E2641F18859600CCBE83 /* UI Tests.xctest */ = {isa = PBXFileReference; explicitFileType = wrapper.cfbundle; includeInIndex = 0; path = "UI Tests.xctest"; sourceTree = BUILT_PRODUCTS_DIR; };
		0898E2661F18859600CCBE83 /* UI_Tests.swift */ = {isa = PBXFileReference; lastKnownFileType = sourcecode.swift; path = UI_Tests.swift; sourceTree = "<group>"; };
		0898E2681F18859600CCBE83 /* Info.plist */ = {isa = PBXFileReference; lastKnownFileType = text.plist.xml; path = Info.plist; sourceTree = "<group>"; };
		0898E26E1F18860F00CCBE83 /* iPhoneUITest.swift */ = {isa = PBXFileReference; fileEncoding = 4; lastKnownFileType = sourcecode.swift; path = iPhoneUITest.swift; sourceTree = "<group>"; };
		0898E2701F18876D00CCBE83 /* Rollover.playground */ = {isa = PBXFileReference; lastKnownFileType = file.playground; path = Rollover.playground; sourceTree = "<group>"; };
		08ACBA671EEF80F00017BD8D /* ImageStore.swift */ = {isa = PBXFileReference; fileEncoding = 4; lastKnownFileType = sourcecode.swift; path = ImageStore.swift; sourceTree = "<group>"; };
		08B87B601EBF515E0095A736 /* CardsViewController.swift */ = {isa = PBXFileReference; fileEncoding = 4; lastKnownFileType = sourcecode.swift; path = CardsViewController.swift; sourceTree = "<group>"; };
		08B87B621EBF54410095A736 /* CardCollectionViewCell.swift */ = {isa = PBXFileReference; fileEncoding = 4; lastKnownFileType = sourcecode.swift; path = CardCollectionViewCell.swift; sourceTree = "<group>"; };
		08B87B641EBF8F0C0095A736 /* CardStore.swift */ = {isa = PBXFileReference; fileEncoding = 4; lastKnownFileType = sourcecode.swift; path = CardStore.swift; sourceTree = "<group>"; };
/* End PBXFileReference section */

/* Begin PBXFrameworksBuildPhase section */
		086DDC261EB6C9F90091A199 /* Frameworks */ = {
			isa = PBXFrameworksBuildPhase;
			buildActionMask = 2147483647;
			files = (
			);
			runOnlyForDeploymentPostprocessing = 0;
		};
		0898E2611F18859600CCBE83 /* Frameworks */ = {
			isa = PBXFrameworksBuildPhase;
			buildActionMask = 2147483647;
			files = (
			);
			runOnlyForDeploymentPostprocessing = 0;
		};
/* End PBXFrameworksBuildPhase section */

/* Begin PBXGroup section */
		086DDC201EB6C9F90091A199 = {
			isa = PBXGroup;
			children = (
				0898E2701F18876D00CCBE83 /* Rollover.playground */,
				086DDC2B1EB6C9F90091A199 /* Manifestation */,
				0898E2651F18859600CCBE83 /* UI Tests */,
				086DDC2A1EB6C9F90091A199 /* Products */,
			);
			sourceTree = "<group>";
		};
		086DDC2A1EB6C9F90091A199 /* Products */ = {
			isa = PBXGroup;
			children = (
				086DDC291EB6C9F90091A199 /* Manifestation.app */,
				0898E2641F18859600CCBE83 /* UI Tests.xctest */,
			);
			name = Products;
			sourceTree = "<group>";
		};
		086DDC2B1EB6C9F90091A199 /* Manifestation */ = {
			isa = PBXGroup;
			children = (
				086DDC2C1EB6C9F90091A199 /* AppDelegate.swift */,
				086DDC2E1EB6C9F90091A199 /* RolloverViewController.swift */,
				0823564A1EE4ED5C00F0760E /* PositionTableViewController.swift */,
				0823564C1EE4EFE700F0760E /* PositionTableViewCell.swift */,
				0823564E1EE73E0700F0760E /* ChiCellTableViewCell.swift */,
				08B87B601EBF515E0095A736 /* CardsViewController.swift */,
				086DDC301EB6C9F90091A199 /* Main.storyboard */,
				08B87B621EBF54410095A736 /* CardCollectionViewCell.swift */,
				086DDC331EB6C9F90091A199 /* Assets.xcassets */,
				086DDC351EB6C9F90091A199 /* LaunchScreen.storyboard */,
				086DDC381EB6C9F90091A199 /* Info.plist */,
				08B87B641EBF8F0C0095A736 /* CardStore.swift */,
				082356521EE7998100F0760E /* Preference.swift */,
				08ACBA671EEF80F00017BD8D /* ImageStore.swift */,
			);
			path = Manifestation;
			sourceTree = "<group>";
		};
		0898E2651F18859600CCBE83 /* UI Tests */ = {
			isa = PBXGroup;
			children = (
				0898E2661F18859600CCBE83 /* UI_Tests.swift */,
				0898E26E1F18860F00CCBE83 /* iPhoneUITest.swift */,
				0898E2681F18859600CCBE83 /* Info.plist */,
			);
			path = "UI Tests";
			sourceTree = "<group>";
		};
/* End PBXGroup section */

/* Begin PBXNativeTarget section */
		086DDC281EB6C9F90091A199 /* Manifestation */ = {
			isa = PBXNativeTarget;
			buildConfigurationList = 086DDC3B1EB6C9F90091A199 /* Build configuration list for PBXNativeTarget "Manifestation" */;
			buildPhases = (
				086DDC251EB6C9F90091A199 /* Sources */,
				086DDC261EB6C9F90091A199 /* Frameworks */,
				086DDC271EB6C9F90091A199 /* Resources */,
			);
			buildRules = (
			);
			dependencies = (
			);
			name = Manifestation;
			productName = Manifestation;
			productReference = 086DDC291EB6C9F90091A199 /* Manifestation.app */;
			productType = "com.apple.product-type.application";
		};
		0898E2631F18859600CCBE83 /* UI Tests */ = {
			isa = PBXNativeTarget;
			buildConfigurationList = 0898E26D1F18859600CCBE83 /* Build configuration list for PBXNativeTarget "UI Tests" */;
			buildPhases = (
				0898E2601F18859600CCBE83 /* Sources */,
				0898E2611F18859600CCBE83 /* Frameworks */,
				0898E2621F18859600CCBE83 /* Resources */,
			);
			buildRules = (
			);
			dependencies = (
				0898E26A1F18859600CCBE83 /* PBXTargetDependency */,
			);
			name = "UI Tests";
			productName = "UI Tests";
			productReference = 0898E2641F18859600CCBE83 /* UI Tests.xctest */;
			productType = "com.apple.product-type.bundle.ui-testing";
		};
/* End PBXNativeTarget section */

/* Begin PBXProject section */
		086DDC211EB6C9F90091A199 /* Project object */ = {
			isa = PBXProject;
			attributes = {
				LastSwiftUpdateCheck = 0830;
				LastUpgradeCheck = 0830;
				ORGANIZATIONNAME = "Vincent Predoehl";
				TargetAttributes = {
					086DDC281EB6C9F90091A199 = {
						CreatedOnToolsVersion = 8.3.2;
						DevelopmentTeam = X674V92M37;
						ProvisioningStyle = Automatic;
					};
					0898E2631F18859600CCBE83 = {
						CreatedOnToolsVersion = 8.3.3;
						DevelopmentTeam = 47QSNDWH88;
						ProvisioningStyle = Automatic;
						TestTargetID = 086DDC281EB6C9F90091A199;
					};
				};
			};
			buildConfigurationList = 086DDC241EB6C9F90091A199 /* Build configuration list for PBXProject "Manifestation" */;
			compatibilityVersion = "Xcode 3.2";
			developmentRegion = English;
			hasScannedForEncodings = 0;
			knownRegions = (
				en,
				Base,
			);
			mainGroup = 086DDC201EB6C9F90091A199;
			productRefGroup = 086DDC2A1EB6C9F90091A199 /* Products */;
			projectDirPath = "";
			projectRoot = "";
			targets = (
				086DDC281EB6C9F90091A199 /* Manifestation */,
				0898E2631F18859600CCBE83 /* UI Tests */,
			);
		};
/* End PBXProject section */

/* Begin PBXResourcesBuildPhase section */
		086DDC271EB6C9F90091A199 /* Resources */ = {
			isa = PBXResourcesBuildPhase;
			buildActionMask = 2147483647;
			files = (
				086DDC371EB6C9F90091A199 /* LaunchScreen.storyboard in Resources */,
				086DDC341EB6C9F90091A199 /* Assets.xcassets in Resources */,
				086DDC321EB6C9F90091A199 /* Main.storyboard in Resources */,
			);
			runOnlyForDeploymentPostprocessing = 0;
		};
		0898E2621F18859600CCBE83 /* Resources */ = {
			isa = PBXResourcesBuildPhase;
			buildActionMask = 2147483647;
			files = (
			);
			runOnlyForDeploymentPostprocessing = 0;
		};
/* End PBXResourcesBuildPhase section */

/* Begin PBXSourcesBuildPhase section */
		086DDC251EB6C9F90091A199 /* Sources */ = {
			isa = PBXSourcesBuildPhase;
			buildActionMask = 2147483647;
			files = (
				0823564D1EE4EFE700F0760E /* PositionTableViewCell.swift in Sources */,
				0823564B1EE4ED5C00F0760E /* PositionTableViewController.swift in Sources */,
				08B87B631EBF54410095A736 /* CardCollectionViewCell.swift in Sources */,
				08ACBA681EEF80F00017BD8D /* ImageStore.swift in Sources */,
				08B87B651EBF8F0C0095A736 /* CardStore.swift in Sources */,
				0823564F1EE73E0700F0760E /* ChiCellTableViewCell.swift in Sources */,
				086DDC2F1EB6C9F90091A199 /* RolloverViewController.swift in Sources */,
				086DDC2D1EB6C9F90091A199 /* AppDelegate.swift in Sources */,
				082356531EE7998100F0760E /* Preference.swift in Sources */,
				08B87B611EBF515E0095A736 /* CardsViewController.swift in Sources */,
			);
			runOnlyForDeploymentPostprocessing = 0;
		};
		0898E2601F18859600CCBE83 /* Sources */ = {
			isa = PBXSourcesBuildPhase;
			buildActionMask = 2147483647;
			files = (
				0898E26F1F18860F00CCBE83 /* iPhoneUITest.swift in Sources */,
				0898E2671F18859600CCBE83 /* UI_Tests.swift in Sources */,
			);
			runOnlyForDeploymentPostprocessing = 0;
		};
/* End PBXSourcesBuildPhase section */

/* Begin PBXTargetDependency section */
		0898E26A1F18859600CCBE83 /* PBXTargetDependency */ = {
			isa = PBXTargetDependency;
			target = 086DDC281EB6C9F90091A199 /* Manifestation */;
			targetProxy = 0898E2691F18859600CCBE83 /* PBXContainerItemProxy */;
		};
/* End PBXTargetDependency section */

/* Begin PBXVariantGroup section */
		086DDC301EB6C9F90091A199 /* Main.storyboard */ = {
			isa = PBXVariantGroup;
			children = (
				086DDC311EB6C9F90091A199 /* Base */,
			);
			name = Main.storyboard;
			sourceTree = "<group>";
		};
		086DDC351EB6C9F90091A199 /* LaunchScreen.storyboard */ = {
			isa = PBXVariantGroup;
			children = (
				086DDC361EB6C9F90091A199 /* Base */,
			);
			name = LaunchScreen.storyboard;
			sourceTree = "<group>";
		};
/* End PBXVariantGroup section */

/* Begin XCBuildConfiguration section */
		086DDC391EB6C9F90091A199 /* Debug */ = {
			isa = XCBuildConfiguration;
			buildSettings = {
				ALWAYS_SEARCH_USER_PATHS = NO;
				CLANG_ANALYZER_NONNULL = YES;
				CLANG_ANALYZER_NUMBER_OBJECT_CONVERSION = YES_AGGRESSIVE;
				CLANG_CXX_LANGUAGE_STANDARD = "gnu++0x";
				CLANG_CXX_LIBRARY = "libc++";
				CLANG_ENABLE_MODULES = YES;
				CLANG_ENABLE_OBJC_ARC = YES;
				CLANG_WARN_BOOL_CONVERSION = YES;
				CLANG_WARN_CONSTANT_CONVERSION = YES;
				CLANG_WARN_DIRECT_OBJC_ISA_USAGE = YES_ERROR;
				CLANG_WARN_DOCUMENTATION_COMMENTS = YES;
				CLANG_WARN_EMPTY_BODY = YES;
				CLANG_WARN_ENUM_CONVERSION = YES;
				CLANG_WARN_INFINITE_RECURSION = YES;
				CLANG_WARN_INT_CONVERSION = YES;
				CLANG_WARN_OBJC_ROOT_CLASS = YES_ERROR;
				CLANG_WARN_SUSPICIOUS_MOVE = YES;
				CLANG_WARN_UNREACHABLE_CODE = YES;
				CLANG_WARN__DUPLICATE_METHOD_MATCH = YES;
				"CODE_SIGN_IDENTITY[sdk=iphoneos*]" = "iPhone Developer";
				COPY_PHASE_STRIP = NO;
				DEBUG_INFORMATION_FORMAT = dwarf;
				ENABLE_STRICT_OBJC_MSGSEND = YES;
				ENABLE_TESTABILITY = YES;
				GCC_C_LANGUAGE_STANDARD = gnu99;
				GCC_DYNAMIC_NO_PIC = NO;
				GCC_NO_COMMON_BLOCKS = YES;
				GCC_OPTIMIZATION_LEVEL = 0;
				GCC_PREPROCESSOR_DEFINITIONS = (
					"DEBUG=1",
					"$(inherited)",
				);
				GCC_WARN_64_TO_32_BIT_CONVERSION = YES;
				GCC_WARN_ABOUT_RETURN_TYPE = YES_ERROR;
				GCC_WARN_UNDECLARED_SELECTOR = YES;
				GCC_WARN_UNINITIALIZED_AUTOS = YES_AGGRESSIVE;
				GCC_WARN_UNUSED_FUNCTION = YES;
				GCC_WARN_UNUSED_VARIABLE = YES;
				IPHONEOS_DEPLOYMENT_TARGET = 10.3;
				MTL_ENABLE_DEBUG_INFO = YES;
				ONLY_ACTIVE_ARCH = YES;
				SDKROOT = iphoneos;
				SWIFT_ACTIVE_COMPILATION_CONDITIONS = DEBUG;
				SWIFT_OPTIMIZATION_LEVEL = "-Onone";
				TARGETED_DEVICE_FAMILY = "1,2";
			};
			name = Debug;
		};
		086DDC3A1EB6C9F90091A199 /* Release */ = {
			isa = XCBuildConfiguration;
			buildSettings = {
				ALWAYS_SEARCH_USER_PATHS = NO;
				CLANG_ANALYZER_NONNULL = YES;
				CLANG_ANALYZER_NUMBER_OBJECT_CONVERSION = YES_AGGRESSIVE;
				CLANG_CXX_LANGUAGE_STANDARD = "gnu++0x";
				CLANG_CXX_LIBRARY = "libc++";
				CLANG_ENABLE_MODULES = YES;
				CLANG_ENABLE_OBJC_ARC = YES;
				CLANG_WARN_BOOL_CONVERSION = YES;
				CLANG_WARN_CONSTANT_CONVERSION = YES;
				CLANG_WARN_DIRECT_OBJC_ISA_USAGE = YES_ERROR;
				CLANG_WARN_DOCUMENTATION_COMMENTS = YES;
				CLANG_WARN_EMPTY_BODY = YES;
				CLANG_WARN_ENUM_CONVERSION = YES;
				CLANG_WARN_INFINITE_RECURSION = YES;
				CLANG_WARN_INT_CONVERSION = YES;
				CLANG_WARN_OBJC_ROOT_CLASS = YES_ERROR;
				CLANG_WARN_SUSPICIOUS_MOVE = YES;
				CLANG_WARN_UNREACHABLE_CODE = YES;
				CLANG_WARN__DUPLICATE_METHOD_MATCH = YES;
				"CODE_SIGN_IDENTITY[sdk=iphoneos*]" = "iPhone Developer";
				COPY_PHASE_STRIP = NO;
				DEBUG_INFORMATION_FORMAT = "dwarf-with-dsym";
				ENABLE_NS_ASSERTIONS = NO;
				ENABLE_STRICT_OBJC_MSGSEND = YES;
				GCC_C_LANGUAGE_STANDARD = gnu99;
				GCC_NO_COMMON_BLOCKS = YES;
				GCC_WARN_64_TO_32_BIT_CONVERSION = YES;
				GCC_WARN_ABOUT_RETURN_TYPE = YES_ERROR;
				GCC_WARN_UNDECLARED_SELECTOR = YES;
				GCC_WARN_UNINITIALIZED_AUTOS = YES_AGGRESSIVE;
				GCC_WARN_UNUSED_FUNCTION = YES;
				GCC_WARN_UNUSED_VARIABLE = YES;
				IPHONEOS_DEPLOYMENT_TARGET = 10.3;
				MTL_ENABLE_DEBUG_INFO = NO;
				SDKROOT = iphoneos;
				SWIFT_OPTIMIZATION_LEVEL = "-Owholemodule";
				TARGETED_DEVICE_FAMILY = "1,2";
				VALIDATE_PRODUCT = YES;
			};
			name = Release;
		};
		086DDC3C1EB6C9F90091A199 /* Debug */ = {
			isa = XCBuildConfiguration;
			buildSettings = {
				ASSETCATALOG_COMPILER_APPICON_NAME = AppIcon;
				"CODE_SIGN_IDENTITY[sdk=iphoneos*]" = "iPhone Developer";
				DEVELOPMENT_TEAM = X674V92M37;
				INFOPLIST_FILE = Manifestation/Info.plist;
				LD_RUNPATH_SEARCH_PATHS = "$(inherited) @executable_path/Frameworks";
				PRODUCT_BUNDLE_IDENTIFIER = com.hscti;
				PRODUCT_NAME = "$(TARGET_NAME)";
				PROVISIONING_PROFILE = "";
				PROVISIONING_PROFILE_SPECIFIER = "";
				SWIFT_VERSION = 3.0;
			};
			name = Debug;
		};
		086DDC3D1EB6C9F90091A199 /* Release */ = {
			isa = XCBuildConfiguration;
			buildSettings = {
				ASSETCATALOG_COMPILER_APPICON_NAME = AppIcon;
				"CODE_SIGN_IDENTITY[sdk=iphoneos*]" = "iPhone Developer";
				DEVELOPMENT_TEAM = X674V92M37;
				INFOPLIST_FILE = Manifestation/Info.plist;
				LD_RUNPATH_SEARCH_PATHS = "$(inherited) @executable_path/Frameworks";
				PRODUCT_BUNDLE_IDENTIFIER = com.hscti;
				PRODUCT_NAME = "$(TARGET_NAME)";
				PROVISIONING_PROFILE_SPECIFIER = "";
				SWIFT_VERSION = 3.0;
			};
			name = Release;
		};
		0898E26B1F18859600CCBE83 /* Debug */ = {
			isa = XCBuildConfiguration;
			buildSettings = {
				DEVELOPMENT_TEAM = 47QSNDWH88;
				INFOPLIST_FILE = "UI Tests/Info.plist";
				LD_RUNPATH_SEARCH_PATHS = "$(inherited) @executable_path/Frameworks @loader_path/Frameworks";
				PRODUCT_BUNDLE_IDENTIFIER = "com.ios.UI-Tests";
				PRODUCT_NAME = "$(TARGET_NAME)";
				SWIFT_VERSION = 3.0;
				TEST_TARGET_NAME = Manifestation;
			};
			name = Debug;
		};
		0898E26C1F18859600CCBE83 /* Release */ = {
			isa = XCBuildConfiguration;
			buildSettings = {
				DEVELOPMENT_TEAM = 47QSNDWH88;
				INFOPLIST_FILE = "UI Tests/Info.plist";
				LD_RUNPATH_SEARCH_PATHS = "$(inherited) @executable_path/Frameworks @loader_path/Frameworks";
				PRODUCT_BUNDLE_IDENTIFIER = "com.ios.UI-Tests";
				PRODUCT_NAME = "$(TARGET_NAME)";
				SWIFT_VERSION = 3.0;
				TEST_TARGET_NAME = Manifestation;
			};
			name = Release;
		};
/* End XCBuildConfiguration section */

/* Begin XCConfigurationList section */
		086DDC241EB6C9F90091A199 /* Build configuration list for PBXProject "Manifestation" */ = {
			isa = XCConfigurationList;
			buildConfigurations = (
				086DDC391EB6C9F90091A199 /* Debug */,
				086DDC3A1EB6C9F90091A199 /* Release */,
			);
			defaultConfigurationIsVisible = 0;
			defaultConfigurationName = Release;
		};
		086DDC3B1EB6C9F90091A199 /* Build configuration list for PBXNativeTarget "Manifestation" */ = {
			isa = XCConfigurationList;
			buildConfigurations = (
				086DDC3C1EB6C9F90091A199 /* Debug */,
				086DDC3D1EB6C9F90091A199 /* Release */,
			);
			defaultConfigurationIsVisible = 0;
			defaultConfigurationName = Release;
		};
		0898E26D1F18859600CCBE83 /* Build configuration list for PBXNativeTarget "UI Tests" */ = {
			isa = XCConfigurationList;
			buildConfigurations = (
				0898E26B1F18859600CCBE83 /* Debug */,
				0898E26C1F18859600CCBE83 /* Release */,
			);
			defaultConfigurationIsVisible = 0;
		};
/* End XCConfigurationList section */
	};
	rootObject = 086DDC211EB6C9F90091A199 /* Project object */;
}
